
Microsoft Visual Studio Solution File, Format Version 12.00
# Visual Studio Version 16
VisualStudioVersion = 16.0.29215.179
MinimumVisualStudioVersion = 10.0.40219.1
Project("{FAE04EC0-301F-11D3-BF4B-00C04F79EFBC}") = "bot", "bot\bot.csproj", "{0EA3DD03-C461-4FBC-B59C-BC1178D92904}"
EndProject
Global
	GlobalSection(SolutionConfigurationPlatforms) = preSolution
		Debug|Any CPU = Debug|Any CPU
		Release|Any CPU = Release|Any CPU
	EndGlobalSection
	GlobalSection(ProjectConfigurationPlatforms) = postSolution
		{0EA3DD03-C461-4FBC-B59C-BC1178D92904}.Debug|Any CPU.ActiveCfg = Debug|Any CPU
		{0EA3DD03-C461-4FBC-B59C-BC1178D92904}.Debug|Any CPU.Build.0 = Debug|Any CPU
		{0EA3DD03-C461-4FBC-B59C-BC1178D92904}.Release|Any CPU.ActiveCfg = Release|Any CPU
		{0EA3DD03-C461-4FBC-B59C-BC1178D92904}.Release|Any CPU.Build.0 = Release|Any CPU
	EndGlobalSection
	GlobalSection(SolutionProperties) = preSolution
		HideSolutionNode = FALSE
	EndGlobalSection
	GlobalSection(ExtensibilityGlobals) = postSolution
		SolutionGuid = {3BF7B699-EB50-4839-8735-BB50A4AB9CEC}
	EndGlobalSection
EndGlobal
